Microsoft Visual Studio Solution File, Format Version 12.00
# Visual Studio 15
VisualStudioVersion = 15.0.27924.0
MinimumVisualStudioVersion = 10.0.40219.1
Project("{9A19103F-16F7-4668-BE54-9A1E7A4F7556}") = "CHEJ_GetServicesVzLa", "CHEJ_GetServicesVzLa\CHEJ_GetServicesVzLa.csproj", "{47853506-4DDC-4E38-B785-2FB8044D7E6B}"
EndProject
Project("{FAE04EC0-301F-11D3-BF4B-00C04F79EFBC}") = "CHEJ_GetServicesVzLa.Android", "CHEJ_GetServicesVzLa.Android\CHEJ_GetServicesVzLa.Android.csproj", "{7F4B8E03-89DB-41CD-9B6F-0B5533A05C35}"
EndProject
Project("{FAE04EC0-301F-11D3-BF4B-00C04F79EFBC}") = "CHEJ_GetServicesVzLa.iOS", "CHEJ_GetServicesVzLa.iOS\CHEJ_GetServicesVzLa.iOS.csproj", "{99BF8A1D-569D-4CA8-BFF9-AA4FD8B1D32D}"
EndProject
Global
	GlobalSection(SolutionConfigurationPlatforms) = preSolution
		Ad-Hoc|Any CPU = Ad-Hoc|Any CPU
		Ad-Hoc|iPhone = Ad-Hoc|iPhone
		Ad-Hoc|iPhoneSimulator = Ad-Hoc|iPhoneSimulator
		AppStore|Any CPU = AppStore|Any CPU
		AppStore|iPhone = AppStore|iPhone
		AppStore|iPhoneSimulator = AppStore|iPhoneSimulator
		Debug|Any CPU = Debug|Any CPU
		Debug|iPhone = Debug|iPhone
		Debug|iPhoneSimulator = Debug|iPhoneSimulator
		Release|Any CPU = Release|Any CPU
		Release|iPhone = Release|iPhone
		Release|iPhoneSimulator = Release|iPhoneSimulator
	EndGlobalSection
	GlobalSection(ProjectConfigurationPlatforms) = postSolution
		{47853506-4DDC-4E38-B785-2FB8044D7E6B}.Ad-Hoc|Any CPU.ActiveCfg = Release|Any CPU
		{47853506-4DDC-4E38-B785-2FB8044D7E6B}.Ad-Hoc|Any CPU.Build.0 = Release|Any CPU
		{47853506-4DDC-4E38-B785-2FB8044D7E6B}.Ad-Hoc|iPhone.ActiveCfg = Debug|Any CPU
		{47853506-4DDC-4E38-B785-2FB8044D7E6B}.Ad-Hoc|iPhone.Build.0 = Debug|Any CPU
		{47853506-4DDC-4E38-B785-2FB8044D7E6B}.Ad-Hoc|iPhoneSimulator.ActiveCfg = Release|Any CPU
		{47853506-4DDC-4E38-B785-2FB8044D7E6B}.Ad-Hoc|iPhoneSimulator.Build.0 = Release|Any CPU
		{47853506-4DDC-4E38-B785-2FB8044D7E6B}.AppStore|Any CPU.ActiveCfg = Release|Any CPU
		{47853506-4DDC-4E38-B785-2FB8044D7E6B}.AppStore|Any CPU.Build.0 = Release|Any CPU
		{47853506-4DDC-4E38-B785-2FB8044D7E6B}.AppStore|iPhone.ActiveCfg = Debug|Any CPU
		{47853506-4DDC-4E38-B785-2FB8044D7E6B}.AppStore|iPhone.Build.0 = Debug|Any CPU
		{47853506-4DDC-4E38-B785-2FB8044D7E6B}.AppStore|iPhoneSimulator.ActiveCfg = Release|Any CPU
		{47853506-4DDC-4E38-B785-2FB8044D7E6B}.AppStore|iPhoneSimulator.Build.0 = Release|Any CPU
		{47853506-4DDC-4E38-B785-2FB8044D7E6B}.Debug|Any CPU.ActiveCfg = Debug|Any CPU
		{47853506-4DDC-4E38-B785-2FB8044D7E6B}.Debug|Any CPU.Build.0 = Debug|Any CPU
		{47853506-4DDC-4E38-B785-2FB8044D7E6B}.Debug|iPhone.ActiveCfg = Debug|Any CPU
		{47853506-4DDC-4E38-B785-2FB8044D7E6B}.Debug|iPhone.Build.0 = Debug|Any CPU
		{47853506-4DDC-4E38-B785-2FB8044D7E6B}.Debug|iPhoneSimulator.ActiveCfg = Debug|Any CPU
		{47853506-4DDC-4E38-B785-2FB8044D7E6B}.Debug|iPhoneSimulator.Build.0 = Debug|Any CPU
		{47853506-4DDC-4E38-B785-2FB8044D7E6B}.Release|Any CPU.ActiveCfg = Release|Any CPU
		{47853506-4DDC-4E38-B785-2FB8044D7E6B}.Release|Any CPU.Build.0 = Release|Any CPU
		{47853506-4DDC-4E38-B785-2FB8044D7E6B}.Release|iPhone.ActiveCfg = Release|Any CPU
		{47853506-4DDC-4E38-B785-2FB8044D7E6B}.Release|iPhone.Build.0 = Release|Any CPU
		{47853506-4DDC-4E38-B785-2FB8044D7E6B}.Release|iPhoneSimulator.ActiveCfg = Release|Any CPU
		{47853506-4DDC-4E38-B785-2FB8044D7E6B}.Release|iPhoneSimulator.Build.0 = Release|Any CPU
		{7F4B8E03-89DB-41CD-9B6F-0B5533A05C35}.Ad-Hoc|Any CPU.ActiveCfg = Release|Any CPU
		{7F4B8E03-89DB-41CD-9B6F-0B5533A05C35}.Ad-Hoc|Any CPU.Build.0 = Release|Any CPU
		{7F4B8E03-89DB-41CD-9B6F-0B5533A05C35}.Ad-Hoc|Any CPU.Deploy.0 = Release|Any CPU
		{7F4B8E03-89DB-41CD-9B6F-0B5533A05C35}.Ad-Hoc|iPhone.ActiveCfg = Debug|Any CPU
		{7F4B8E03-89DB-41CD-9B6F-0B5533A05C35}.Ad-Hoc|iPhone.Build.0 = Debug|Any CPU
		{7F4B8E03-89DB-41CD-9B6F-0B5533A05C35}.Ad-Hoc|iPhoneSimulator.ActiveCfg = Release|Any CPU
		{7F4B8E03-89DB-41CD-9B6F-0B5533A05C35}.Ad-Hoc|iPhoneSimulator.Build.0 = Release|Any CPU
		{7F4B8E03-89DB-41CD-9B6F-0B5533A05C35}.Ad-Hoc|iPhoneSimulator.Deploy.0 = Release|Any CPU
		{7F4B8E03-89DB-41CD-9B6F-0B5533A05C35}.AppStore|Any CPU.ActiveCfg = Release|Any CPU
		{7F4B8E03-89DB-41CD-9B6F-0B5533A05C35}.AppStore|Any CPU.Build.0 = Release|Any CPU
		{7F4B8E03-89DB-41CD-9B6F-0B5533A05C35}.AppStore|Any CPU.Deploy.0 = Release|Any CPU
		{7F4B8E03-89DB-41CD-9B6F-0B5533A05C35}.AppStore|iPhone.ActiveCfg = Debug|Any CPU
		{7F4B8E03-89DB-41CD-9B6F-0B5533A05C35}.AppStore|iPhone.Build.0 = Debug|Any CPU
		{7F4B8E03-89DB-41CD-9B6F-0B5533A05C35}.AppStore|iPhoneSimulator.ActiveCfg = Release|Any CPU
		{7F4B8E03-89DB-41CD-9B6F-0B5533A05C35}.AppStore|iPhoneSimulator.Build.0 = Release|Any CPU
		{7F4B8E03-89DB-41CD-9B6F-0B5533A05C35}.AppStore|iPhoneSimulator.Deploy.0 = Release|Any CPU
		{7F4B8E03-89DB-41CD-9B6F-0B5533A05C35}.Debug|Any CPU.ActiveCfg = Debug|Any CPU
		{7F4B8E03-89DB-41CD-9B6F-0B5533A05C35}.Debug|Any CPU.Build.0 = Debug|Any CPU
		{7F4B8E03-89DB-41CD-9B6F-0B5533A05C35}.Debug|iPhone.ActiveCfg = Debug|Any CPU
		{7F4B8E03-89DB-41CD-9B6F-0B5533A05C35}.Debug|iPhone.Build.0 = Debug|Any CPU
		{7F4B8E03-89DB-41CD-9B6F-0B5533A05C35}.Debug|iPhoneSimulator.ActiveCfg = Debug|Any CPU
		{7F4B8E03-89DB-41CD-9B6F-0B5533A05C35}.Debug|iPhoneSimulator.Build.0 = Debug|Any CPU
		{7F4B8E03-89DB-41CD-9B6F-0B5533A05C35}.Release|Any CPU.ActiveCfg = Release|Any CPU
		{7F4B8E03-89DB-41CD-9B6F-0B5533A05C35}.Release|Any CPU.Build.0 = Release|Any CPU
		{7F4B8E03-89DB-41CD-9B6F-0B5533A05C35}.Release|iPhone.ActiveCfg = Release|Any CPU
		{7F4B8E03-89DB-41CD-9B6F-0B5533A05C35}.Release|iPhone.Build.0 = Release|Any CPU
		{7F4B8E03-89DB-41CD-9B6F-0B5533A05C35}.Release|iPhoneSimulator.ActiveCfg = Release|Any CPU
		{7F4B8E03-89DB-41CD-9B6F-0B5533A05C35}.Release|iPhoneSimulator.Build.0 = Release|Any CPU
		{99BF8A1D-569D-4CA8-BFF9-AA4FD8B1D32D}.Ad-Hoc|Any CPU.ActiveCfg = Ad-Hoc|iPhoneSimulator
		{99BF8A1D-569D-4CA8-BFF9-AA4FD8B1D32D}.Ad-Hoc|iPhone.ActiveCfg = Ad-Hoc|iPhone
		{99BF8A1D-569D-4CA8-BFF9-AA4FD8B1D32D}.Ad-Hoc|iPhone.Build.0 = Ad-Hoc|iPhone
		{99BF8A1D-569D-4CA8-BFF9-AA4FD8B1D32D}.Ad-Hoc|iPhoneSimulator.ActiveCfg = Ad-Hoc|iPhoneSimulator
		{99BF8A1D-569D-4CA8-BFF9-AA4FD8B1D32D}.Ad-Hoc|iPhoneSimulator.Build.0 = Ad-Hoc|iPhoneSimulator
		{99BF8A1D-569D-4CA8-BFF9-AA4FD8B1D32D}.AppStore|Any CPU.ActiveCfg = AppStore|iPhoneSimulator
		{99BF8A1D-569D-4CA8-BFF9-AA4FD8B1D32D}.AppStore|iPhone.ActiveCfg = AppStore|iPhone
		{99BF8A1D-569D-4CA8-BFF9-AA4FD8B1D32D}.AppStore|iPhone.Build.0 = AppStore|iPhone
		{99BF8A1D-569D-4CA8-BFF9-AA4FD8B1D32D}.AppStore|iPhoneSimulator.ActiveCfg = AppStore|iPhoneSimulator
		{99BF8A1D-569D-4CA8-BFF9-AA4FD8B1D32D}.AppStore|iPhoneSimulator.Build.0 = AppStore|iPhoneSimulator
		{99BF8A1D-569D-4CA8-BFF9-AA4FD8B1D32D}.Debug|Any CPU.ActiveCfg = Debug|iPhoneSimulator
		{99BF8A1D-569D-4CA8-BFF9-AA4FD8B1D32D}.Debug|Any CPU.Build.0 = Debug|iPhoneSimulator
		{99BF8A1D-569D-4CA8-BFF9-AA4FD8B1D32D}.Debug|iPhone.ActiveCfg = Debug|iPhone
		{99BF8A1D-569D-4CA8-BFF9-AA4FD8B1D32D}.Debug|iPhone.Build.0 = Debug|iPhone
		{99BF8A1D-569D-4CA8-BFF9-AA4FD8B1D32D}.Debug|iPhoneSimulator.ActiveCfg = Debug|iPhoneSimulator
		{99BF8A1D-569D-4CA8-BFF9-AA4FD8B1D32D}.Debug|iPhoneSimulator.Build.0 = Debug|iPhoneSimulator
		{99BF8A1D-569D-4CA8-BFF9-AA4FD8B1D32D}.Release|Any CPU.ActiveCfg = Release|iPhoneSimulator
		{99BF8A1D-569D-4CA8-BFF9-AA4FD8B1D32D}.Release|Any CPU.Build.0 = Release|iPhoneSimulator
		{99BF8A1D-569D-4CA8-BFF9-AA4FD8B1D32D}.Release|iPhone.ActiveCfg = Release|iPhone
		{99BF8A1D-569D-4CA8-BFF9-AA4FD8B1D32D}.Release|iPhone.Build.0 = Release|iPhone
		{99BF8A1D-569D-4CA8-BFF9-AA4FD8B1D32D}.Release|iPhoneSimulator.ActiveCfg = Release|iPhoneSimulator
		{99BF8A1D-569D-4CA8-BFF9-AA4FD8B1D32D}.Release|iPhoneSimulator.Build.0 = Release|iPhoneSimulator
	EndGlobalSection
	GlobalSection(SolutionProperties) = preSolution
		HideSolutionNode = FALSE
	EndGlobalSection
	GlobalSection(ExtensibilityGlobals) = postSolution
		SolutionGuid = {36003E9D-6898-49A9-AF2B-3A7EFF71703C}
	EndGlobalSection
EndGlobal
